// !$*UTF8*$!
{
	archiveVersion = 1;
	classes = {
	};
	objectVersion = 46;
	objects = {

/* Begin PBXBuildFile section */
		ABEE5F111CEC0B2B00DC439B /* main.m in Sources */ = {isa = PBXBuildFile; fileRef = ABEE5F101CEC0B2B00DC439B /* main.m */; };
		ABEE5F141CEC0B2B00DC439B /* AppDelegate.m in Sources */ = {isa = PBXBuildFile; fileRef = ABEE5F131CEC0B2B00DC439B /* AppDelegate.m */; };
		ABEE5F1A1CEC0B2B00DC439B /* Main.storyboard in Resources */ = {isa = PBXBuildFile; fileRef = ABEE5F181CEC0B2B00DC439B /* Main.storyboard */; };
		ABEE5F1C1CEC0B2B00DC439B /* Assets.xcassets in Resources */ = {isa = PBXBuildFile; fileRef = ABEE5F1B1CEC0B2B00DC439B /* Assets.xcassets */; };
		ABEE5F1F1CEC0B2B00DC439B /* LaunchScreen.storyboard in Resources */ = {isa = PBXBuildFile; fileRef = ABEE5F1D1CEC0B2B00DC439B /* LaunchScreen.storyboard */; };
		ABEE5F2C1CEC0E9B00DC439B /* DemoViewController.m in Sources */ = {isa = PBXBuildFile; fileRef = ABEE5F281CEC0E9B00DC439B /* DemoViewController.m */; };
		ABEE5F2D1CEC0E9B00DC439B /* LFProgressHUD.m in Sources */ = {isa = PBXBuildFile; fileRef = ABEE5F2B1CEC0E9B00DC439B /* LFProgressHUD.m */; };
		ABEE5F2F1CEC165000DC439B /* PodImages.xcassets in Resources */ = {isa = PBXBuildFile; fileRef = ABEE5F2E1CEC165000DC439B /* PodImages.xcassets */; };
/* End PBXBuildFile section */

/* Begin PBXFileReference section */
		ABEE5F0C1CEC0B2B00DC439B /* LFProgressHUD.app */ = {isa = PBXFileReference; explicitFileType = wrapper.application; includeInIndex = 0; path = LFProgressHUD.app; sourceTree = BUILT_PRODUCTS_DIR; };
		ABEE5F101CEC0B2B00DC439B /* main.m */ = {isa = PBXFileReference; lastKnownFileType = sourcecode.c.objc; path = main.m; sourceTree = "<group>"; };
		ABEE5F121CEC0B2B00DC439B /* AppDelegate.h */ = {isa = PBXFileReference; lastKnownFileType = sourcecode.c.h; path = AppDelegate.h; sourceTree = "<group>"; };
		ABEE5F131CEC0B2B00DC439B /* AppDelegate.m */ = {isa = PBXFileReference; lastKnownFileType = sourcecode.c.objc; path = AppDelegate.m; sourceTree = "<group>"; };
		ABEE5F191CEC0B2B00DC439B /* Base */ = {isa = PBXFileReference; lastKnownFileType = file.storyboard; name = Base; path = Base.lproj/Main.storyboard; sourceTree = "<group>"; };
		ABEE5F1B1CEC0B2B00DC439B /* Assets.xcassets */ = {isa = PBXFileReference; lastKnownFileType = folder.assetcatalog; path = Assets.xcassets; sourceTree = "<group>"; };
		ABEE5F1E1CEC0B2B00DC439B /* Base */ = {isa = PBXFileReference; lastKnownFileType = file.storyboard; name = Base; path = Base.lproj/LaunchScreen.storyboard; sourceTree = "<group>"; };
		ABEE5F201CEC0B2B00DC439B /* Info.plist */ = {isa = PBXFileReference; lastKnownFileType = text.plist.xml; path = Info.plist; sourceTree = "<group>"; };
		ABEE5F271CEC0E9B00DC439B /* DemoViewController.h */ = {isa = PBXFileReference; fileEncoding = 4; lastKnownFileType = sourcecode.c.h; path = DemoViewController.h; sourceTree = "<group>"; };
		ABEE5F281CEC0E9B00DC439B /* DemoViewController.m */ = {isa = PBXFileReference; fileEncoding = 4; lastKnownFileType = sourcecode.c.objc; path = DemoViewController.m; sourceTree = "<group>"; };
		ABEE5F2A1CEC0E9B00DC439B /* LFProgressHUD.h */ = {isa = PBXFileReference; fileEncoding = 4; lastKnownFileType = sourcecode.c.h; path = LFProgressHUD.h; sourceTree = "<group>"; };
		ABEE5F2B1CEC0E9B00DC439B /* LFProgressHUD.m */ = {isa = PBXFileReference; fileEncoding = 4; lastKnownFileType = sourcecode.c.objc; path = LFProgressHUD.m; sourceTree = "<group>"; };
		ABEE5F2E1CEC165000DC439B /* PodImages.xcassets */ = {isa = PBXFileReference; lastKnownFileType = folder.assetcatalog; path = PodImages.xcassets; sourceTree = "<group>"; };
/* End PBXFileReference section */

/* Begin PBXFrameworksBuildPhase section */
		ABEE5F091CEC0B2B00DC439B /* Frameworks */ = {
			isa = PBXFrameworksBuildPhase;
			buildActionMask = 2147483647;
			files = (
			);
			runOnlyForDeploymentPostprocessing = 0;
		};
/* End PBXFrameworksBuildPhase section */

/* Begin PBXGroup section */
		ABEE5F031CEC0B2B00DC439B = {
			isa = PBXGroup;
			children = (
				ABEE5F0E1CEC0B2B00DC439B /* LFProgressHUD */,
				ABEE5F0D1CEC0B2B00DC439B /* Products */,
			);
			sourceTree = "<group>";
		};
		ABEE5F0D1CEC0B2B00DC439B /* Products */ = {
			isa = PBXGroup;
			children = (
				ABEE5F0C1CEC0B2B00DC439B /* LFProgressHUD.app */,
			);
			name = Products;
			sourceTree = "<group>";
		};
		ABEE5F0E1CEC0B2B00DC439B /* LFProgressHUD */ = {
			isa = PBXGroup;
			children = (
				ABEE5F291CEC0E9B00DC439B /* LFProgressHUD */,
				ABEE5F261CEC0E9B00DC439B /* Demo */,
				ABEE5F0F1CEC0B2B00DC439B /* Supporting Files */,
			);
			path = LFProgressHUD;
			sourceTree = "<group>";
		};
		ABEE5F0F1CEC0B2B00DC439B /* Supporting Files */ = {
			isa = PBXGroup;
			children = (
				ABEE5F121CEC0B2B00DC439B /* AppDelegate.h */,
				ABEE5F131CEC0B2B00DC439B /* AppDelegate.m */,
				ABEE5F181CEC0B2B00DC439B /* Main.storyboard */,
				ABEE5F1B1CEC0B2B00DC439B /* Assets.xcassets */,
				ABEE5F1D1CEC0B2B00DC439B /* LaunchScreen.storyboard */,
				ABEE5F201CEC0B2B00DC439B /* Info.plist */,
				ABEE5F101CEC0B2B00DC439B /* main.m */,
			);
			name = "Supporting Files";
			sourceTree = "<group>";
		};
		ABEE5F261CEC0E9B00DC439B /* Demo */ = {
			isa = PBXGroup;
			children = (
				ABEE5F271CEC0E9B00DC439B /* DemoViewController.h */,
				ABEE5F281CEC0E9B00DC439B /* DemoViewController.m */,
			);
			path = Demo;
			sourceTree = "<group>";
		};
		ABEE5F291CEC0E9B00DC439B /* LFProgressHUD */ = {
			isa = PBXGroup;
			children = (
				ABEE5F2A1CEC0E9B00DC439B /* LFProgressHUD.h */,
				ABEE5F2B1CEC0E9B00DC439B /* LFProgressHUD.m */,
				ABEE5F2E1CEC165000DC439B /* PodImages.xcassets */,
			);
			path = LFProgressHUD;
			sourceTree = "<group>";
		};
/* End PBXGroup section */

/* Begin PBXNativeTarget section */
		ABEE5F0B1CEC0B2B00DC439B /* LFProgressHUD */ = {
			isa = PBXNativeTarget;
			buildConfigurationList = ABEE5F231CEC0B2B00DC439B /* Build configuration list for PBXNativeTarget "LFProgressHUD" */;
			buildPhases = (
				ABEE5F081CEC0B2B00DC439B /* Sources */,
				ABEE5F091CEC0B2B00DC439B /* Frameworks */,
				ABEE5F0A1CEC0B2B00DC439B /* Resources */,
			);
			buildRules = (
			);
			dependencies = (
			);
			name = LFProgressHUD;
			productName = LFProgressHUD;
			productReference = ABEE5F0C1CEC0B2B00DC439B /* LFProgressHUD.app */;
			productType = "com.apple.product-type.application";
		};
/* End PBXNativeTarget section */

/* Begin PBXProject section */
		ABEE5F041CEC0B2B00DC439B /* Project object */ = {
			isa = PBXProject;
			attributes = {
				LastUpgradeCheck = 0720;
				ORGANIZATIONNAME = "Long Fan";
				TargetAttributes = {
					ABEE5F0B1CEC0B2B00DC439B = {
						CreatedOnToolsVersion = 7.2.1;
					};
				};
			};
			buildConfigurationList = ABEE5F071CEC0B2B00DC439B /* Build configuration list for PBXProject "LFProgressHUD" */;
			compatibilityVersion = "Xcode 3.2";
			developmentRegion = English;
			hasScannedForEncodings = 0;
			knownRegions = (
				en,
				Base,
			);
			mainGroup = ABEE5F031CEC0B2B00DC439B;
			productRefGroup = ABEE5F0D1CEC0B2B00DC439B /* Products */;
			projectDirPath = "";
			projectRoot = "";
			targets = (
				ABEE5F0B1CEC0B2B00DC439B /* LFProgressHUD */,
			);
		};
/* End PBXProject section */

/* Begin PBXResourcesBuildPhase section */
		ABEE5F0A1CEC0B2B00DC439B /* Resources */ = {
			isa = PBXResourcesBuildPhase;
			buildActionMask = 2147483647;
			files = (
				ABEE5F1F1CEC0B2B00DC439B /* LaunchScreen.storyboard in Resources */,
				ABEE5F1C1CEC0B2B00DC439B /* Assets.xcassets in Resources */,
				ABEE5F1A1CEC0B2B00DC439B /* Main.storyboard in Resources */,
				ABEE5F2F1CEC165000DC439B /* PodImages.xcassets in Resources */,
			);
			runOnlyForDeploymentPostprocessing = 0;
		};
/* End PBXResourcesBuildPhase section */

/* Begin PBXSourcesBuildPhase section */
		ABEE5F081CEC0B2B00DC439B /* Sources */ = {
			isa = PBXSourcesBuildPhase;
			buildActionMask = 2147483647;
			files = (
				ABEE5F2C1CEC0E9B00DC439B /* DemoViewController.m in Sources */,
				ABEE5F141CEC0B2B00DC439B /* AppDelegate.m in Sources */,
				ABEE5F111CEC0B2B00DC439B /* main.m in Sources */,
				ABEE5F2D1CEC0E9B00DC439B /* LFProgressHUD.m in Sources */,
			);
			runOnlyForDeploymentPostprocessing = 0;
		};
/* End PBXSourcesBuildPhase section */

/* Begin PBXVariantGroup section */
		ABEE5F181CEC0B2B00DC439B /* Main.storyboard */ = {
			isa = PBXVariantGroup;
			children = (
				ABEE5F191CEC0B2B00DC439B /* Base */,
			);
			name = Main.storyboard;
			sourceTree = "<group>";
		};
		ABEE5F1D1CEC0B2B00DC439B /* LaunchScreen.storyboard */ = {
			isa = PBXVariantGroup;
			children = (
				ABEE5F1E1CEC0B2B00DC439B /* Base */,
			);
			name = LaunchScreen.storyboard;
			sourceTree = "<group>";
		};
/* End PBXVariantGroup section */

/* Begin XCBuildConfiguration section */
		ABEE5F211CEC0B2B00DC439B /* Debug */ = {
			isa = XCBuildConfiguration;
			buildSettings = {
				ALWAYS_SEARCH_USER_PATHS = NO;
				CLANG_CXX_LANGUAGE_STANDARD = "gnu++0x";
				CLANG_CXX_LIBRARY = "libc++";
				CLANG_ENABLE_MODULES = YES;
				CLANG_ENABLE_OBJC_ARC = YES;
				CLANG_WARN_BOOL_CONVERSION = YES;
				CLANG_WARN_CONSTANT_CONVERSION = YES;
				CLANG_WARN_DIRECT_OBJC_ISA_USAGE = YES_ERROR;
				CLANG_WARN_EMPTY_BODY = YES;
				CLANG_WARN_ENUM_CONVERSION = YES;
				CLANG_WARN_INT_CONVERSION = YES;
				CLANG_WARN_OBJC_ROOT_CLASS = YES_ERROR;
				CLANG_WARN_UNREACHABLE_CODE = YES;
				CLANG_WARN__DUPLICATE_METHOD_MATCH = YES;
				"CODE_SIGN_IDENTITY[sdk=iphoneos*]" = "iPhone Developer";
				COPY_PHASE_STRIP = NO;
				DEBUG_INFORMATION_FORMAT = dwarf;
				ENABLE_STRICT_OBJC_MSGSEND = YES;
				ENABLE_TESTABILITY = YES;
				GCC_C_LANGUAGE_STANDARD = gnu99;
				GCC_DYNAMIC_NO_PIC = NO;
				GCC_NO_COMMON_BLOCKS = YES;
				GCC_OPTIMIZATION_LEVEL = 0;
				GCC_PREPROCESSOR_DEFINITIONS = (
					"DEBUG=1",
					"$(inherited)",
				);
				GCC_WARN_64_TO_32_BIT_CONVERSION = YES;
				GCC_WARN_ABOUT_RETURN_TYPE = YES_ERROR;
				GCC_WARN_UNDECLARED_SELECTOR = YES;
				GCC_WARN_UNINITIALIZED_AUTOS = YES_AGGRESSIVE;
				GCC_WARN_UNUSED_FUNCTION = YES;
				GCC_WARN_UNUSED_VARIABLE = YES;
				IPHONEOS_DEPLOYMENT_TARGET = 9.2;
				MTL_ENABLE_DEBUG_INFO = YES;
				ONLY_ACTIVE_ARCH = YES;
				SDKROOT = iphoneos;
			};
			name = Debug;
		};
		ABEE5F221CEC0B2B00DC439B /* Release */ = {
			isa = XCBuildConfiguration;
			buildSettings = {
				ALWAYS_SEARCH_USER_PATHS = NO;
				CLANG_CXX_LANGUAGE_STANDARD = "gnu++0x";
				CLANG_CXX_LIBRARY = "libc++";
				CLANG_ENABLE_MODULES = YES;
				CLANG_ENABLE_OBJC_ARC = YES;
				CLANG_WARN_BOOL_CONVERSION = YES;
				CLANG_WARN_CONSTANT_CONVERSION = YES;
				CLANG_WARN_DIRECT_OBJC_ISA_USAGE = YES_ERROR;
				CLANG_WARN_EMPTY_BODY = YES;
				CLANG_WARN_ENUM_CONVERSION = YES;
				CLANG_WARN_INT_CONVERSION = YES;
				CLANG_WARN_OBJC_ROOT_CLASS = YES_ERROR;
				CLANG_WARN_UNREACHABLE_CODE = YES;
				CLANG_WARN__DUPLICATE_METHOD_MATCH = YES;
				"CODE_SIGN_IDENTITY[sdk=iphoneos*]" = "iPhone Developer";
				COPY_PHASE_STRIP = NO;
				DEBUG_INFORMATION_FORMAT = "dwarf-with-dsym";
				ENABLE_NS_ASSERTIONS = NO;
				ENABLE_STRICT_OBJC_MSGSEND = YES;
				GCC_C_LANGUAGE_STANDARD = gnu99;
				GCC_NO_COMMON_BLOCKS = YES;
				GCC_WARN_64_TO_32_BIT_CONVERSION = YES;
				GCC_WARN_ABOUT_RETURN_TYPE = YES_ERROR;
				GCC_WARN_UNDECLARED_SELECTOR = YES;
				GCC_WARN_UNINITIALIZED_AUTOS = YES_AGGRESSIVE;
				GCC_WARN_UNUSED_FUNCTION = YES;
				GCC_WARN_UNUSED_VARIABLE = YES;
				IPHONEOS_DEPLOYMENT_TARGET = 9.2;
				MTL_ENABLE_DEBUG_INFO = NO;
				SDKROOT = iphoneos;
				VALIDATE_PRODUCT = YES;
			};
			name = Release;
		};
		ABEE5F241CEC0B2B00DC439B /* Debug */ = {
			isa = XCBuildConfiguration;
			buildSettings = {
				ASSETCATALOG_COMPILER_APPICON_NAME = AppIcon;
				INFOPLIST_FILE = LFProgressHUD/Info.plist;
				IPHONEOS_DEPLOYMENT_TARGET = 8.0;
				LD_RUNPATH_SEARCH_PATHS = "$(inherited) @executable_path/Frameworks";
				PRODUCT_BUNDLE_IDENTIFIER = me.longfan.LFProgressHUD;
				PRODUCT_NAME = "$(TARGET_NAME)";
			};
			name = Debug;
		};
		ABEE5F251CEC0B2B00DC439B /* Release */ = {
			isa = XCBuildConfiguration;
			buildSettings = {
				ASSETCATALOG_COMPILER_APPICON_NAME = AppIcon;
				INFOPLIST_FILE = LFProgressHUD/Info.plist;
				IPHONEOS_DEPLOYMENT_TARGET = 8.0;
				LD_RUNPATH_SEARCH_PATHS = "$(inherited) @executable_path/Frameworks";
				PRODUCT_BUNDLE_IDENTIFIER = me.longfan.LFProgressHUD;
				PRODUCT_NAME = "$(TARGET_NAME)";
			};
			name = Release;
		};
/* End XCBuildConfiguration section */

/* Begin XCConfigurationList section */
		ABEE5F071CEC0B2B00DC439B /* Build configuration list for PBXProject "LFProgressHUD" */ = {
			isa = XCConfigurationList;
			buildConfigurations = (
				ABEE5F211CEC0B2B00DC439B /* Debug */,
				ABEE5F221CEC0B2B00DC439B /* Release */,
			);
			defaultConfigurationIsVisible = 0;
			defaultConfigurationName = Release;
		};
		ABEE5F231CEC0B2B00DC439B /* Build configuration list for PBXNativeTarget "LFProgressHUD" */ = {
			isa = XCConfigurationList;
			buildConfigurations = (
				ABEE5F241CEC0B2B00DC439B /* Debug */,
				ABEE5F251CEC0B2B00DC439B /* Release */,
			);
			defaultConfigurationIsVisible = 0;
		};
/* End XCConfigurationList section */
	};
	rootObject = ABEE5F041CEC0B2B00DC439B /* Project object */;
}
